
Microsoft Visual Studio Solution File, Format Version 12.00
# Visual Studio Version 17
VisualStudioVersion = 17.4.33213.308
MinimumVisualStudioVersion = 10.0.40219.1
Project("{FAE04EC0-301F-11D3-BF4B-00C04F79EFBC}") = "Uprajnenie3", "Uprajnenie3\Uprajnenie3.csproj", "{02455F8E-C132-4019-8B96-ABF3E8B4CD0B}"
EndProject
Global
	GlobalSection(SolutionConfigurationPlatforms) = preSolution
		Debug|Any CPU = Debug|Any CPU
		Release|Any CPU = Release|Any CPU
	EndGlobalSection
	GlobalSection(ProjectConfigurationPlatforms) = postSolution
		{02455F8E-C132-4019-8B96-ABF3E8B4CD0B}.Debug|Any CPU.ActiveCfg = Debug|Any CPU
		{02455F8E-C132-4019-8B96-ABF3E8B4CD0B}.Debug|Any CPU.Build.0 = Debug|Any CPU
		{02455F8E-C132-4019-8B96-ABF3E8B4CD0B}.Release|Any CPU.ActiveCfg = Release|Any CPU
		{02455F8E-C132-4019-8B96-ABF3E8B4CD0B}.Release|Any CPU.Build.0 = Release|Any CPU
	EndGlobalSection
	GlobalSection(SolutionProperties) = preSolution
		HideSolutionNode = FALSE
	EndGlobalSection
	GlobalSection(ExtensibilityGlobals) = postSolution
		SolutionGuid = {BE7D166F-83A1-42E2-8B16-8CE219121F5B}
	EndGlobalSection
EndGlobal
