
Microsoft Visual Studio Solution File, Format Version 12.00
# Visual Studio Version 17
VisualStudioVersion = 17.4.33213.308
MinimumVisualStudioVersion = 10.0.40219.1
Project("{FAE04EC0-301F-11D3-BF4B-00C04F79EFBC}") = "OOP4", "OOP4\OOP4.csproj", "{49F9A706-DA54-433E-9AB6-66DBFB3D58C7}"
EndProject
Global
	GlobalSection(SolutionConfigurationPlatforms) = preSolution
		Debug|Any CPU = Debug|Any CPU
		Release|Any CPU = Release|Any CPU
	EndGlobalSection
	GlobalSection(ProjectConfigurationPlatforms) = postSolution
		{49F9A706-DA54-433E-9AB6-66DBFB3D58C7}.Debug|Any CPU.ActiveCfg = Debug|Any CPU
		{49F9A706-DA54-433E-9AB6-66DBFB3D58C7}.Debug|Any CPU.Build.0 = Debug|Any CPU
		{49F9A706-DA54-433E-9AB6-66DBFB3D58C7}.Release|Any CPU.ActiveCfg = Release|Any CPU
		{49F9A706-DA54-433E-9AB6-66DBFB3D58C7}.Release|Any CPU.Build.0 = Release|Any CPU
	EndGlobalSection
	GlobalSection(SolutionProperties) = preSolution
		HideSolutionNode = FALSE
	EndGlobalSection
	GlobalSection(ExtensibilityGlobals) = postSolution
		SolutionGuid = {52FA7917-4662-4551-BA25-2E0CAF266EC7}
	EndGlobalSection
EndGlobal
