
Microsoft Visual Studio Solution File, Format Version 12.00
# Visual Studio Version 17
VisualStudioVersion = 17.4.33213.308
MinimumVisualStudioVersion = 10.0.40219.1
Project("{FAE04EC0-301F-11D3-BF4B-00C04F79EFBC}") = "Uprajnenie10", "OOP5\Uprajnenie10.csproj", "{27A84B8F-476D-4962-992F-D7F9BA6D0DEE}"
EndProject
Global
	GlobalSection(SolutionConfigurationPlatforms) = preSolution
		Debug|Any CPU = Debug|Any CPU
		Release|Any CPU = Release|Any CPU
	EndGlobalSection
	GlobalSection(ProjectConfigurationPlatforms) = postSolution
		{27A84B8F-476D-4962-992F-D7F9BA6D0DEE}.Debug|Any CPU.ActiveCfg = Debug|Any CPU
		{27A84B8F-476D-4962-992F-D7F9BA6D0DEE}.Debug|Any CPU.Build.0 = Debug|Any CPU
		{27A84B8F-476D-4962-992F-D7F9BA6D0DEE}.Release|Any CPU.ActiveCfg = Release|Any CPU
		{27A84B8F-476D-4962-992F-D7F9BA6D0DEE}.Release|Any CPU.Build.0 = Release|Any CPU
	EndGlobalSection
	GlobalSection(SolutionProperties) = preSolution
		HideSolutionNode = FALSE
	EndGlobalSection
	GlobalSection(ExtensibilityGlobals) = postSolution
		SolutionGuid = {1DAAE5D6-6E2A-437B-855A-1C90D5DD0406}
	EndGlobalSection
EndGlobal
